
Microsoft Visual Studio Solution File, Format Version 12.00
# Visual Studio Version 17
VisualStudioVersion = 17.5.002.0
MinimumVisualStudioVersion = 10.0.40219.1
Project("{9A19103F-16F7-4668-BE54-9A1E7A4F7556}") = "task-parallel", "task-parallel.csproj", "{6AF3ECEE-F641-48F4-BBE6-816FC90085E7}"
EndProject
Global
	GlobalSection(SolutionConfigurationPlatforms) = preSolution
		Debug|Any CPU = Debug|Any CPU
		Release|Any CPU = Release|Any CPU
	EndGlobalSection
	GlobalSection(ProjectConfigurationPlatforms) = postSolution
		{6AF3ECEE-F641-48F4-BBE6-816FC90085E7}.Debug|Any CPU.ActiveCfg = Debug|Any CPU
		{6AF3ECEE-F641-48F4-BBE6-816FC90085E7}.Debug|Any CPU.Build.0 = Debug|Any CPU
		{6AF3ECEE-F641-48F4-BBE6-816FC90085E7}.Release|Any CPU.ActiveCfg = Release|Any CPU
		{6AF3ECEE-F641-48F4-BBE6-816FC90085E7}.Release|Any CPU.Build.0 = Release|Any CPU
	EndGlobalSection
	GlobalSection(SolutionProperties) = preSolution
		HideSolutionNode = FALSE
	EndGlobalSection
	GlobalSection(ExtensibilityGlobals) = postSolution
		SolutionGuid = {D9C927D5-F679-4A33-8837-315B966CA45B}
	EndGlobalSection
EndGlobal
